
Microsoft Visual Studio Solution File, Format Version 12.00
# Visual Studio Version 17
VisualStudioVersion = 17.1.32319.34
MinimumVisualStudioVersion = 10.0.40219.1
Project("{888888A0-9F3D-457C-B088-3A5042F75D52}") = "YouTube Downloader", "YouTube Downloader.pyproj", "{B70F755F-14A3-4214-B7B6-4BD7951380E0}"
EndProject
Global
	GlobalSection(SolutionConfigurationPlatforms) = preSolution
		Debug|Any CPU = Debug|Any CPU
		Release|Any CPU = Release|Any CPU
	EndGlobalSection
	GlobalSection(ProjectConfigurationPlatforms) = postSolution
		{B70F755F-14A3-4214-B7B6-4BD7951380E0}.Debug|Any CPU.ActiveCfg = Debug|Any CPU
		{B70F755F-14A3-4214-B7B6-4BD7951380E0}.Release|Any CPU.ActiveCfg = Release|Any CPU
	EndGlobalSection
	GlobalSection(SolutionProperties) = preSolution
		HideSolutionNode = FALSE
	EndGlobalSection
	GlobalSection(ExtensibilityGlobals) = postSolution
		SolutionGuid = {3BFFFDFA-9CC8-4222-A311-E572B95576EA}
	EndGlobalSection
EndGlobal
